
Microsoft Visual Studio Solution File, Format Version 12.00
# Visual Studio Version 17
VisualStudioVersion = 17.9.34723.18
MinimumVisualStudioVersion = 10.0.40219.1
Project("{9A19103F-16F7-4668-BE54-9A1E7A4F7556}") = "Entidades", "Entidades\Entidades.csproj", "{DD3B88AD-7DEF-456B-8632-FF337C32A538}"
EndProject
Project("{9A19103F-16F7-4668-BE54-9A1E7A4F7556}") = "Formularios", "Formularios\Formularios.csproj", "{B2632183-82F9-4D31-A6DB-D5E66213A1C3}"
EndProject
Project("{FAE04EC0-301F-11D3-BF4B-00C04F79EFBC}") = "PruebasAves", "PruebasAves\PruebasAves.csproj", "{77971310-DF39-4F7F-B4F4-0DE7D94ED84F}"
EndProject
Global
	GlobalSection(SolutionConfigurationPlatforms) = preSolution
		Debug|Any CPU = Debug|Any CPU
		Release|Any CPU = Release|Any CPU
	EndGlobalSection
	GlobalSection(ProjectConfigurationPlatforms) = postSolution
		{DD3B88AD-7DEF-456B-8632-FF337C32A538}.Debug|Any CPU.ActiveCfg = Debug|Any CPU
		{DD3B88AD-7DEF-456B-8632-FF337C32A538}.Debug|Any CPU.Build.0 = Debug|Any CPU
		{DD3B88AD-7DEF-456B-8632-FF337C32A538}.Release|Any CPU.ActiveCfg = Release|Any CPU
		{DD3B88AD-7DEF-456B-8632-FF337C32A538}.Release|Any CPU.Build.0 = Release|Any CPU
		{B2632183-82F9-4D31-A6DB-D5E66213A1C3}.Debug|Any CPU.ActiveCfg = Debug|Any CPU
		{B2632183-82F9-4D31-A6DB-D5E66213A1C3}.Debug|Any CPU.Build.0 = Debug|Any CPU
		{B2632183-82F9-4D31-A6DB-D5E66213A1C3}.Release|Any CPU.ActiveCfg = Release|Any CPU
		{B2632183-82F9-4D31-A6DB-D5E66213A1C3}.Release|Any CPU.Build.0 = Release|Any CPU
		{77971310-DF39-4F7F-B4F4-0DE7D94ED84F}.Debug|Any CPU.ActiveCfg = Debug|Any CPU
		{77971310-DF39-4F7F-B4F4-0DE7D94ED84F}.Debug|Any CPU.Build.0 = Debug|Any CPU
		{77971310-DF39-4F7F-B4F4-0DE7D94ED84F}.Release|Any CPU.ActiveCfg = Release|Any CPU
		{77971310-DF39-4F7F-B4F4-0DE7D94ED84F}.Release|Any CPU.Build.0 = Release|Any CPU
	EndGlobalSection
	GlobalSection(SolutionProperties) = preSolution
		HideSolutionNode = FALSE
	EndGlobalSection
	GlobalSection(ExtensibilityGlobals) = postSolution
		SolutionGuid = {AD68EC3B-1CE9-4ECB-BE30-C57F93218F83}
	EndGlobalSection
EndGlobal
